
Microsoft Visual Studio Solution File, Format Version 12.00
# Visual Studio Version 16
VisualStudioVersion = 16.0.29519.87
MinimumVisualStudioVersion = 10.0.40219.1
Project("{FAE04EC0-301F-11D3-BF4B-00C04F79EFBC}") = "XamarinDiceRoller", "XamarinDiceRoller\XamarinDiceRoller.csproj", "{068D2732-D317-4AF0-B0B7-4FFA6788E437}"
EndProject
Global
	GlobalSection(SolutionConfigurationPlatforms) = preSolution
		Debug|Any CPU = Debug|Any CPU
		Release|Any CPU = Release|Any CPU
	EndGlobalSection
	GlobalSection(ProjectConfigurationPlatforms) = postSolution
		{068D2732-D317-4AF0-B0B7-4FFA6788E437}.Debug|Any CPU.ActiveCfg = Debug|Any CPU
		{068D2732-D317-4AF0-B0B7-4FFA6788E437}.Debug|Any CPU.Build.0 = Debug|Any CPU
		{068D2732-D317-4AF0-B0B7-4FFA6788E437}.Debug|Any CPU.Deploy.0 = Debug|Any CPU
		{068D2732-D317-4AF0-B0B7-4FFA6788E437}.Release|Any CPU.ActiveCfg = Release|Any CPU
		{068D2732-D317-4AF0-B0B7-4FFA6788E437}.Release|Any CPU.Build.0 = Release|Any CPU
		{068D2732-D317-4AF0-B0B7-4FFA6788E437}.Release|Any CPU.Deploy.0 = Release|Any CPU
	EndGlobalSection
	GlobalSection(SolutionProperties) = preSolution
		HideSolutionNode = FALSE
	EndGlobalSection
	GlobalSection(ExtensibilityGlobals) = postSolution
		SolutionGuid = {86AFFF61-895A-49A3-8556-7E96CB09086D}
	EndGlobalSection
EndGlobal
